<?xml version="1.0" encoding="utf-8"?>
<Project ToolsVersion="4.0" xmlns="http://schemas.microsoft.com/developer/msbuild/2003">
  <ItemGroup>
    <Filter Include="Source Files">
      <UniqueIdentifier>{4FC737F1-C7A5-4376-A066-2A32D752A2FF}</UniqueIdentifier>
      <Extensions>cpp;c;cc;cxx;def;odl;idl;hpj;bat;asm;asmx</Extensions>
    </Filter>
    <Filter Include="Header Files">
      <UniqueIdentifier>{93995380-89BD-4b04-88EB-625FBE52EBFB}</UniqueIdentifier>
      <Extensions>h;hh;hpp;hxx;hm;inl;inc;ipp;xsd</Extensions>
    </Filter>
    <Filter Include="Resource Files">
      <UniqueIdentifier>{67DA6AB6-F800-4c08-8B7A-83BB121AAD01}</UniqueIdentifier>
      <Extensions>rc;ico;cur;bmp;dlg;rc2;rct;bin;rgs;gif;jpg;jpeg;jpe;resx;tiff;tif;png;wav;mfcribbon-ms</Extensions>
    </Filter>
    <Filter Include="Header Files\Medium">
      <UniqueIdentifier>{6adb5fea-fc09-4bf8-8600-8a78fc5a0d27}</UniqueIdentifier>
    </Filter>
    <Filter Include="Header Files\headers">
      <UniqueIdentifier>{9ae69fba-91d3-4590-8188-433b44744162}</UniqueIdentifier>
    </Filter>
  </ItemGroup>
  <ItemGroup>
    <ClCompile Include="main.cpp">
      <Filter>Source Files</Filter>
    </ClCompile>
  </ItemGroup>
  <ItemGroup>
    <ClInclude Include="climbing_the_leaderboard_medium.h">
      <Filter>Header Files\Medium</Filter>
    </ClInclude>
    <ClInclude Include="encryption_medium.h">
      <Filter>Header Files\Medium</Filter>
    </ClInclude>
    <ClInclude Include="extra_long_factorials_medium.h">
      <Filter>Header Files\Medium</Filter>
    </ClInclude>
    <ClInclude Include="include_medium.h">
      <Filter>Header Files\headers</Filter>
    </ClInclude>
    <ClInclude Include="bigger_is_greater_medium.h">
      <Filter>Header Files\Medium</Filter>
    </ClInclude>
    <ClInclude Include="fibonacci_modified_medium.h">
      <Filter>Header Files\Medium</Filter>
    </ClInclude>
    <ClInclude Include="the_grid_search_medium.h">
      <Filter>Header Files\Medium</Filter>
    </ClInclude>
    <ClInclude Include="organizing_containers_of_balls.h">
      <Filter>Header Files\Medium</Filter>
    </ClInclude>
    <ClInclude Include="sherlock_and_valid_string_medium.h">
      <Filter>Header Files\Medium</Filter>
    </ClInclude>
    <ClInclude Include="sherlock_and_anagrams_medium.h">
      <Filter>Header Files\Medium</Filter>
    </ClInclude>
    <ClInclude Include="pairs_medium.h">
      <Filter>Header Files</Filter>
    </ClInclude>
    <ClInclude Include="the_great_xor_medium.h">
      <Filter>Header Files</Filter>
    </ClInclude>
    <ClInclude Include="greedy_florist_medium.h">
      <Filter>Header Files</Filter>
    </ClInclude>
  </ItemGroup>
</Project>